// !$*UTF8*$!
{
	archiveVersion = 1;
	classes = {
	};
	objectVersion = 46;
	objects = {

/* Begin PBXBuildFile section */
		0288E70B0689B0D276576D9C /* libPods-ShoppinSite.a in Frameworks */ = {isa = PBXBuildFile; fileRef = 16BA8BD4861069FF98A685A2 /* libPods-ShoppinSite.a */; };
		1004E7D21E5D08C0009F03E2 /* AppDelegate.swift in Sources */ = {isa = PBXBuildFile; fileRef = 1004E7D11E5D08C0009F03E2 /* AppDelegate.swift */; };
		1004E7D41E5D08C0009F03E2 /* ViewController.swift in Sources */ = {isa = PBXBuildFile; fileRef = 1004E7D31E5D08C0009F03E2 /* ViewController.swift */; };
		1004E7D71E5D08C0009F03E2 /* Main.storyboard in Resources */ = {isa = PBXBuildFile; fileRef = 1004E7D51E5D08C0009F03E2 /* Main.storyboard */; };
		1004E7D91E5D08C0009F03E2 /* Assets.xcassets in Resources */ = {isa = PBXBuildFile; fileRef = 1004E7D81E5D08C0009F03E2 /* Assets.xcassets */; };
		1004E7DC1E5D08C0009F03E2 /* LaunchScreen.storyboard in Resources */ = {isa = PBXBuildFile; fileRef = 1004E7DA1E5D08C0009F03E2 /* LaunchScreen.storyboard */; };
		1004E7E41E5D0C04009F03E2 /* TableViewCell.swift in Sources */ = {isa = PBXBuildFile; fileRef = 1004E7E31E5D0C04009F03E2 /* TableViewCell.swift */; };
		1004E7E61E5D24C0009F03E2 /* GoogleService-Info.plist in Resources */ = {isa = PBXBuildFile; fileRef = 1004E7E51E5D24C0009F03E2 /* GoogleService-Info.plist */; };
/* End PBXBuildFile section */

/* Begin PBXFileReference section */
		1004E7CE1E5D08C0009F03E2 /* ShoppinSite.app */ = {isa = PBXFileReference; explicitFileType = wrapper.application; includeInIndex = 0; path = ShoppinSite.app; sourceTree = BUILT_PRODUCTS_DIR; };
		1004E7D11E5D08C0009F03E2 /* AppDelegate.swift */ = {isa = PBXFileReference; lastKnownFileType = sourcecode.swift; path = AppDelegate.swift; sourceTree = "<group>"; };
		1004E7D31E5D08C0009F03E2 /* ViewController.swift */ = {isa = PBXFileReference; lastKnownFileType = sourcecode.swift; path = ViewController.swift; sourceTree = "<group>"; };
		1004E7D61E5D08C0009F03E2 /* Base */ = {isa = PBXFileReference; lastKnownFileType = file.storyboard; name = Base; path = Base.lproj/Main.storyboard; sourceTree = "<group>"; };
		1004E7D81E5D08C0009F03E2 /* Assets.xcassets */ = {isa = PBXFileReference; lastKnownFileType = folder.assetcatalog; path = Assets.xcassets; sourceTree = "<group>"; };
		1004E7DB1E5D08C0009F03E2 /* Base */ = {isa = PBXFileReference; lastKnownFileType = file.storyboard; name = Base; path = Base.lproj/LaunchScreen.storyboard; sourceTree = "<group>"; };
		1004E7DD1E5D08C0009F03E2 /* Info.plist */ = {isa = PBXFileReference; lastKnownFileType = text.plist.xml; path = Info.plist; sourceTree = "<group>"; };
		1004E7E31E5D0C04009F03E2 /* TableViewCell.swift */ = {isa = PBXFileReference; fileEncoding = 4; lastKnownFileType = sourcecode.swift; path = TableViewCell.swift; sourceTree = "<group>"; };
		1004E7E51E5D24C0009F03E2 /* GoogleService-Info.plist */ = {isa = PBXFileReference; fileEncoding = 4; lastKnownFileType = text.plist.xml; path = "GoogleService-Info.plist"; sourceTree = "<group>"; };
		16BA8BD4861069FF98A685A2 /* libPods-ShoppinSite.a */ = {isa = PBXFileReference; explicitFileType = archive.ar; includeInIndex = 0; path = "libPods-ShoppinSite.a"; sourceTree = BUILT_PRODUCTS_DIR; };
		9A6334CB2E2B1267A9C92244 /* Pods-ShoppinSite.debug.xcconfig */ = {isa = PBXFileReference; includeInIndex = 1; lastKnownFileType = text.xcconfig; name = "Pods-ShoppinSite.debug.xcconfig"; path = "Pods/Target Support Files/Pods-ShoppinSite/Pods-ShoppinSite.debug.xcconfig"; sourceTree = "<group>"; };
		9E7EA921B7F5A9C0B6C8C1EC /* Pods-ShoppinSite.release.xcconfig */ = {isa = PBXFileReference; includeInIndex = 1; lastKnownFileType = text.xcconfig; name = "Pods-ShoppinSite.release.xcconfig"; path = "Pods/Target Support Files/Pods-ShoppinSite/Pods-ShoppinSite.release.xcconfig"; sourceTree = "<group>"; };
/* End PBXFileReference section */

/* Begin PBXFrameworksBuildPhase section */
		1004E7CB1E5D08C0009F03E2 /* Frameworks */ = {
			isa = PBXFrameworksBuildPhase;
			buildActionMask = 2147483647;
			files = (
				0288E70B0689B0D276576D9C /* libPods-ShoppinSite.a in Frameworks */,
			);
			runOnlyForDeploymentPostprocessing = 0;
		};
/* End PBXFrameworksBuildPhase section */

/* Begin PBXGroup section */
		1004E7C51E5D08C0009F03E2 = {
			isa = PBXGroup;
			children = (
				1004E7D01E5D08C0009F03E2 /* ShoppinSite */,
				1004E7CF1E5D08C0009F03E2 /* Products */,
				403B5BE9970F2DEC5619F72B /* Pods */,
				4CDDD05737582994E9D2A647 /* Frameworks */,
			);
			sourceTree = "<group>";
		};
		1004E7CF1E5D08C0009F03E2 /* Products */ = {
			isa = PBXGroup;
			children = (
				1004E7CE1E5D08C0009F03E2 /* ShoppinSite.app */,
			);
			name = Products;
			sourceTree = "<group>";
		};
		1004E7D01E5D08C0009F03E2 /* ShoppinSite */ = {
			isa = PBXGroup;
			children = (
				1004E7E51E5D24C0009F03E2 /* GoogleService-Info.plist */,
				1004E7D11E5D08C0009F03E2 /* AppDelegate.swift */,
				1004E7D31E5D08C0009F03E2 /* ViewController.swift */,
				1004E7D51E5D08C0009F03E2 /* Main.storyboard */,
				1004E7D81E5D08C0009F03E2 /* Assets.xcassets */,
				1004E7DA1E5D08C0009F03E2 /* LaunchScreen.storyboard */,
				1004E7DD1E5D08C0009F03E2 /* Info.plist */,
				1004E7E31E5D0C04009F03E2 /* TableViewCell.swift */,
			);
			path = ShoppinSite;
			sourceTree = "<group>";
		};
		403B5BE9970F2DEC5619F72B /* Pods */ = {
			isa = PBXGroup;
			children = (
				9A6334CB2E2B1267A9C92244 /* Pods-ShoppinSite.debug.xcconfig */,
				9E7EA921B7F5A9C0B6C8C1EC /* Pods-ShoppinSite.release.xcconfig */,
			);
			name = Pods;
			sourceTree = "<group>";
		};
		4CDDD05737582994E9D2A647 /* Frameworks */ = {
			isa = PBXGroup;
			children = (
				16BA8BD4861069FF98A685A2 /* libPods-ShoppinSite.a */,
			);
			name = Frameworks;
			sourceTree = "<group>";
		};
/* End PBXGroup section */

/* Begin PBXNativeTarget section */
		1004E7CD1E5D08C0009F03E2 /* ShoppinSite */ = {
			isa = PBXNativeTarget;
			buildConfigurationList = 1004E7E01E5D08C0009F03E2 /* Build configuration list for PBXNativeTarget "ShoppinSite" */;
			buildPhases = (
				A510610297F62662ED133B0A /* [CP] Check Pods Manifest.lock */,
				1004E7CA1E5D08C0009F03E2 /* Sources */,
				1004E7CB1E5D08C0009F03E2 /* Frameworks */,
				1004E7CC1E5D08C0009F03E2 /* Resources */,
				6B186AC6A2D9061840855916 /* [CP] Embed Pods Frameworks */,
				FAC4EE6CCDE37E0AA457CF0F /* [CP] Copy Pods Resources */,
			);
			buildRules = (
			);
			dependencies = (
			);
			name = ShoppinSite;
			productName = ShoppinSite;
			productReference = 1004E7CE1E5D08C0009F03E2 /* ShoppinSite.app */;
			productType = "com.apple.product-type.application";
		};
/* End PBXNativeTarget section */

/* Begin PBXProject section */
		1004E7C61E5D08C0009F03E2 /* Project object */ = {
			isa = PBXProject;
			attributes = {
				LastSwiftUpdateCheck = 0820;
				LastUpgradeCheck = 0820;
				ORGANIZATIONNAME = assignment2;
				TargetAttributes = {
					1004E7CD1E5D08C0009F03E2 = {
						CreatedOnToolsVersion = 8.2.1;
						ProvisioningStyle = Automatic;
					};
				};
			};
			buildConfigurationList = 1004E7C91E5D08C0009F03E2 /* Build configuration list for PBXProject "ShoppinSite" */;
			compatibilityVersion = "Xcode 3.2";
			developmentRegion = English;
			hasScannedForEncodings = 0;
			knownRegions = (
				en,
				Base,
			);
			mainGroup = 1004E7C51E5D08C0009F03E2;
			productRefGroup = 1004E7CF1E5D08C0009F03E2 /* Products */;
			projectDirPath = "";
			projectRoot = "";
			targets = (
				1004E7CD1E5D08C0009F03E2 /* ShoppinSite */,
			);
		};
/* End PBXProject section */

/* Begin PBXResourcesBuildPhase section */
		1004E7CC1E5D08C0009F03E2 /* Resources */ = {
			isa = PBXResourcesBuildPhase;
			buildActionMask = 2147483647;
			files = (
				1004E7DC1E5D08C0009F03E2 /* LaunchScreen.storyboard in Resources */,
				1004E7E61E5D24C0009F03E2 /* GoogleService-Info.plist in Resources */,
				1004E7D91E5D08C0009F03E2 /* Assets.xcassets in Resources */,
				1004E7D71E5D08C0009F03E2 /* Main.storyboard in Resources */,
			);
			runOnlyForDeploymentPostprocessing = 0;
		};
/* End PBXResourcesBuildPhase section */

/* Begin PBXShellScriptBuildPhase section */
		6B186AC6A2D9061840855916 /* [CP] Embed Pods Frameworks */ = {
			isa = PBXShellScriptBuildPhase;
			buildActionMask = 2147483647;
			files = (
			);
			inputPaths = (
			);
			name = "[CP] Embed Pods Frameworks";
			outputPaths = (
			);
			runOnlyForDeploymentPostprocessing = 0;
			shellPath = /bin/sh;
			shellScript = "\"${SRCROOT}/Pods/Target Support Files/Pods-ShoppinSite/Pods-ShoppinSite-frameworks.sh\"\n";
			showEnvVarsInLog = 0;
		};
		A510610297F62662ED133B0A /* [CP] Check Pods Manifest.lock */ = {
			isa = PBXShellScriptBuildPhase;
			buildActionMask = 2147483647;
			files = (
			);
			inputPaths = (
			);
			name = "[CP] Check Pods Manifest.lock";
			outputPaths = (
			);
			runOnlyForDeploymentPostprocessing = 0;
			shellPath = /bin/sh;
			shellScript = "diff \"${PODS_ROOT}/../Podfile.lock\" \"${PODS_ROOT}/Manifest.lock\" > /dev/null\nif [ $? != 0 ] ; then\n    # print error to STDERR\n    echo \"error: The sandbox is not in sync with the Podfile.lock. Run 'pod install' or update your CocoaPods installation.\" >&2\n    exit 1\nfi\n";
			showEnvVarsInLog = 0;
		};
		FAC4EE6CCDE37E0AA457CF0F /* [CP] Copy Pods Resources */ = {
			isa = PBXShellScriptBuildPhase;
			buildActionMask = 2147483647;
			files = (
			);
			inputPaths = (
			);
			name = "[CP] Copy Pods Resources";
			outputPaths = (
			);
			runOnlyForDeploymentPostprocessing = 0;
			shellPath = /bin/sh;
			shellScript = "\"${SRCROOT}/Pods/Target Support Files/Pods-ShoppinSite/Pods-ShoppinSite-resources.sh\"\n";
			showEnvVarsInLog = 0;
		};
/* End PBXShellScriptBuildPhase section */

/* Begin PBXSourcesBuildPhase section */
		1004E7CA1E5D08C0009F03E2 /* Sources */ = {
			isa = PBXSourcesBuildPhase;
			buildActionMask = 2147483647;
			files = (
				1004E7E41E5D0C04009F03E2 /* TableViewCell.swift in Sources */,
				1004E7D41E5D08C0009F03E2 /* ViewController.swift in Sources */,
				1004E7D21E5D08C0009F03E2 /* AppDelegate.swift in Sources */,
			);
			runOnlyForDeploymentPostprocessing = 0;
		};
/* End PBXSourcesBuildPhase section */

/* Begin PBXVariantGroup section */
		1004E7D51E5D08C0009F03E2 /* Main.storyboard */ = {
			isa = PBXVariantGroup;
			children = (
				1004E7D61E5D08C0009F03E2 /* Base */,
			);
			name = Main.storyboard;
			sourceTree = "<group>";
		};
		1004E7DA1E5D08C0009F03E2 /* LaunchScreen.storyboard */ = {
			isa = PBXVariantGroup;
			children = (
				1004E7DB1E5D08C0009F03E2 /* Base */,
			);
			name = LaunchScreen.storyboard;
			sourceTree = "<group>";
		};
/* End PBXVariantGroup section */

/* Begin XCBuildConfiguration section */
		1004E7DE1E5D08C0009F03E2 /* Debug */ = {
			isa = XCBuildConfiguration;
			buildSettings = {
				ALWAYS_SEARCH_USER_PATHS = NO;
				CLANG_ANALYZER_NONNULL = YES;
				CLANG_CXX_LANGUAGE_STANDARD = "gnu++0x";
				CLANG_CXX_LIBRARY = "libc++";
				CLANG_ENABLE_MODULES = YES;
				CLANG_ENABLE_OBJC_ARC = YES;
				CLANG_WARN_BOOL_CONVERSION = YES;
				CLANG_WARN_CONSTANT_CONVERSION = YES;
				CLANG_WARN_DIRECT_OBJC_ISA_USAGE = YES_ERROR;
				CLANG_WARN_DOCUMENTATION_COMMENTS = YES;
				CLANG_WARN_EMPTY_BODY = YES;
				CLANG_WARN_ENUM_CONVERSION = YES;
				CLANG_WARN_INFINITE_RECURSION = YES;
				CLANG_WARN_INT_CONVERSION = YES;
				CLANG_WARN_OBJC_ROOT_CLASS = YES_ERROR;
				CLANG_WARN_SUSPICIOUS_MOVE = YES;
				CLANG_WARN_UNREACHABLE_CODE = YES;
				CLANG_WARN__DUPLICATE_METHOD_MATCH = YES;
				"CODE_SIGN_IDENTITY[sdk=iphoneos*]" = "iPhone Developer";
				COPY_PHASE_STRIP = NO;
				DEBUG_INFORMATION_FORMAT = dwarf;
				ENABLE_STRICT_OBJC_MSGSEND = YES;
				ENABLE_TESTABILITY = YES;
				GCC_C_LANGUAGE_STANDARD = gnu99;
				GCC_DYNAMIC_NO_PIC = NO;
				GCC_NO_COMMON_BLOCKS = YES;
				GCC_OPTIMIZATION_LEVEL = 0;
				GCC_PREPROCESSOR_DEFINITIONS = (
					"DEBUG=1",
					"$(inherited)",
				);
				GCC_WARN_64_TO_32_BIT_CONVERSION = YES;
				GCC_WARN_ABOUT_RETURN_TYPE = YES_ERROR;
				GCC_WARN_UNDECLARED_SELECTOR = YES;
				GCC_WARN_UNINITIALIZED_AUTOS = YES_AGGRESSIVE;
				GCC_WARN_UNUSED_FUNCTION = YES;
				GCC_WARN_UNUSED_VARIABLE = YES;
				IPHONEOS_DEPLOYMENT_TARGET = 10.2;
				MTL_ENABLE_DEBUG_INFO = YES;
				ONLY_ACTIVE_ARCH = YES;
				SDKROOT = iphoneos;
				SWIFT_ACTIVE_COMPILATION_CONDITIONS = DEBUG;
				SWIFT_OPTIMIZATION_LEVEL = "-Onone";
			};
			name = Debug;
		};
		1004E7DF1E5D08C0009F03E2 /* Release */ = {
			isa = XCBuildConfiguration;
			buildSettings = {
				ALWAYS_SEARCH_USER_PATHS = NO;
				CLANG_ANALYZER_NONNULL = YES;
				CLANG_CXX_LANGUAGE_STANDARD = "gnu++0x";
				CLANG_CXX_LIBRARY = "libc++";
				CLANG_ENABLE_MODULES = YES;
				CLANG_ENABLE_OBJC_ARC = YES;
				CLANG_WARN_BOOL_CONVERSION = YES;
				CLANG_WARN_CONSTANT_CONVERSION = YES;
				CLANG_WARN_DIRECT_OBJC_ISA_USAGE = YES_ERROR;
				CLANG_WARN_DOCUMENTATION_COMMENTS = YES;
				CLANG_WARN_EMPTY_BODY = YES;
				CLANG_WARN_ENUM_CONVERSION = YES;
				CLANG_WARN_INFINITE_RECURSION = YES;
				CLANG_WARN_INT_CONVERSION = YES;
				CLANG_WARN_OBJC_ROOT_CLASS = YES_ERROR;
				CLANG_WARN_SUSPICIOUS_MOVE = YES;
				CLANG_WARN_UNREACHABLE_CODE = YES;
				CLANG_WARN__DUPLICATE_METHOD_MATCH = YES;
				"CODE_SIGN_IDENTITY[sdk=iphoneos*]" = "iPhone Developer";
				COPY_PHASE_STRIP = NO;
				DEBUG_INFORMATION_FORMAT = "dwarf-with-dsym";
				ENABLE_NS_ASSERTIONS = NO;
				ENABLE_STRICT_OBJC_MSGSEND = YES;
				GCC_C_LANGUAGE_STANDARD = gnu99;
				GCC_NO_COMMON_BLOCKS = YES;
				GCC_WARN_64_TO_32_BIT_CONVERSION = YES;
				GCC_WARN_ABOUT_RETURN_TYPE = YES_ERROR;
				GCC_WARN_UNDECLARED_SELECTOR = YES;
				GCC_WARN_UNINITIALIZED_AUTOS = YES_AGGRESSIVE;
				GCC_WARN_UNUSED_FUNCTION = YES;
				GCC_WARN_UNUSED_VARIABLE = YES;
				IPHONEOS_DEPLOYMENT_TARGET = 10.2;
				MTL_ENABLE_DEBUG_INFO = NO;
				SDKROOT = iphoneos;
				SWIFT_OPTIMIZATION_LEVEL = "-Owholemodule";
				VALIDATE_PRODUCT = YES;
			};
			name = Release;
		};
		1004E7E11E5D08C0009F03E2 /* Debug */ = {
			isa = XCBuildConfiguration;
			baseConfigurationReference = 9A6334CB2E2B1267A9C92244 /* Pods-ShoppinSite.debug.xcconfig */;
			buildSettings = {
				ASSETCATALOG_COMPILER_APPICON_NAME = AppIcon;
				INFOPLIST_FILE = ShoppinSite/Info.plist;
				LD_RUNPATH_SEARCH_PATHS = "$(inherited) @executable_path/Frameworks";
				PRODUCT_BUNDLE_IDENTIFIER = com.assignment2.ShoppinSite;
				PRODUCT_NAME = "$(TARGET_NAME)";
				SWIFT_VERSION = 3.0;
			};
			name = Debug;
		};
		1004E7E21E5D08C0009F03E2 /* Release */ = {
			isa = XCBuildConfiguration;
			baseConfigurationReference = 9E7EA921B7F5A9C0B6C8C1EC /* Pods-ShoppinSite.release.xcconfig */;
			buildSettings = {
				ASSETCATALOG_COMPILER_APPICON_NAME = AppIcon;
				INFOPLIST_FILE = ShoppinSite/Info.plist;
				LD_RUNPATH_SEARCH_PATHS = "$(inherited) @executable_path/Frameworks";
				PRODUCT_BUNDLE_IDENTIFIER = com.assignment2.ShoppinSite;
				PRODUCT_NAME = "$(TARGET_NAME)";
				SWIFT_VERSION = 3.0;
			};
			name = Release;
		};
/* End XCBuildConfiguration section */

/* Begin XCConfigurationList section */
		1004E7C91E5D08C0009F03E2 /* Build configuration list for PBXProject "ShoppinSite" */ = {
			isa = XCConfigurationList;
			buildConfigurations = (
				1004E7DE1E5D08C0009F03E2 /* Debug */,
				1004E7DF1E5D08C0009F03E2 /* Release */,
			);
			defaultConfigurationIsVisible = 0;
			defaultConfigurationName = Release;
		};
		1004E7E01E5D08C0009F03E2 /* Build configuration list for PBXNativeTarget "ShoppinSite" */ = {
			isa = XCConfigurationList;
			buildConfigurations = (
				1004E7E11E5D08C0009F03E2 /* Debug */,
				1004E7E21E5D08C0009F03E2 /* Release */,
			);
			defaultConfigurationIsVisible = 0;
		};
/* End XCConfigurationList section */
	};
	rootObject = 1004E7C61E5D08C0009F03E2 /* Project object */;
}
